{
  "name": "wasm-tdg-ch14",
  "lockfileVersion": 3,
  "requires": true,
  "packages": {
    "": {
      "name": "wasm-tdg-ch14",
      "dependencies": {
        "@assemblyscript/loader": "^0.28.20"
      },
      "devDependencies": {
        "assemblyscript": "^0.28.20"
      }
    },
    "node_modules/@assemblyscript/loader": {
      "version": "0.28.20",
      "resolved": "https://registry.npmjs.org/@assemblyscript/loader/-/loader-0.28.20.tgz",
      "integrity": "sha512-uBUnqp8AckYaraRFJZi4D+gONE8flqm4hLRI9uH886imTdlIN//5nNJN4ZD7tGt49KOVi/IZgwmsHBDhSKaILw==",
      "license": "Apache-2.0"
    },
    "node_modules/assemblyscript": {
      "version": "0.28.20",
      "resolved": "https://registry.npmjs.org/assemblyscript/-/assemblyscript-0.28.20.tgz",
      "integrity": "sha512-5PM7GZpvcLypHcLmi30aP8mqm5HjU+LL3BdV1xDyA3USGtL2w+iMiUnhtH+vW8+2kOuHlAyPu7M+QgyEw5he1g==",
      "dev": true,
      "license": "Apache-2.0",
      "dependencies": {
        "binaryen": "131.0.0-nightly.20260721",
        "long": "^5.2.4"
      },
      "bin": {
        "asc": "bin/asc.js",
        "asinit": "bin/asinit.js"
      },
      "engines": {
        "node": ">=20",
        "npm": ">=10"
      },
      "funding": {
        "type": "opencollective",
        "url": "https://opencollective.com/assemblyscript"
      }
    },
    "node_modules/binaryen": {
      "version": "131.0.0-nightly.20260721",
      "resolved": "https://registry.npmjs.org/binaryen/-/binaryen-131.0.0-nightly.20260721.tgz",
      "integrity": "sha512-AAQIkhfbYXh4FBObwBrlO+5L+6Rp6OOMOjh6AdT0M+GLNLyrwKWgtW+EzmizNgx9CWDfTJPfDtKoZi62QESbtg==",
      "dev": true,
      "license": "Apache-2.0",
      "bin": {
        "wasm-as": "bin/wasm-as",
        "wasm-ctor-eval": "bin/wasm-ctor-eval",
        "wasm-dis": "bin/wasm-dis",
        "wasm-merge": "bin/wasm-merge",
        "wasm-metadce": "bin/wasm-metadce",
        "wasm-opt": "bin/wasm-opt",
        "wasm-reduce": "bin/wasm-reduce",
        "wasm-shell": "bin/wasm-shell",
        "wasm2js": "bin/wasm2js"
      }
    },
    "node_modules/long": {
      "version": "5.3.2",
      "resolved": "https://registry.npmjs.org/long/-/long-5.3.2.tgz",
      "integrity": "sha512-mNAgZ1GmyNhD7AuqnTG3/VQ26o760+ZYBPKjPvugO8+nLbYfX6TVpJPseBvopbdY+qpZ/lKUnmEc1LeZYS3QAA==",
      "dev": true,
      "license": "Apache-2.0"
    }
  }
}
